// !$*UTF8*$!
{
	archiveVersion = 1;
	classes = {
	};
	objectVersion = 48;
	objects = {

/* Begin PBXBuildFile section */
		242DED291FB68168003E9FF7 /* SnapKit.framework in Frameworks */ = {isa = PBXBuildFile; fileRef = 242DED261FB68168003E9FF7 /* SnapKit.framework */; };
		242DED2A1FB68168003E9FF7 /* SnapKit.framework in Embed Frameworks */ = {isa = PBXBuildFile; fileRef = 242DED261FB68168003E9FF7 /* SnapKit.framework */; settings = {ATTRIBUTES = (CodeSignOnCopy, RemoveHeadersOnCopy, ); }; };
		242DED2B1FB68168003E9FF7 /* SwiftGif.framework in Frameworks */ = {isa = PBXBuildFile; fileRef = 242DED271FB68168003E9FF7 /* SwiftGif.framework */; };
		242DED2C1FB68168003E9FF7 /* SwiftGif.framework in Embed Frameworks */ = {isa = PBXBuildFile; fileRef = 242DED271FB68168003E9FF7 /* SwiftGif.framework */; settings = {ATTRIBUTES = (CodeSignOnCopy, RemoveHeadersOnCopy, ); }; };
		242DED2D1FB68168003E9FF7 /* Hero.framework in Frameworks */ = {isa = PBXBuildFile; fileRef = 242DED281FB68168003E9FF7 /* Hero.framework */; };
		242DED2E1FB68168003E9FF7 /* Hero.framework in Embed Frameworks */ = {isa = PBXBuildFile; fileRef = 242DED281FB68168003E9FF7 /* Hero.framework */; settings = {ATTRIBUTES = (CodeSignOnCopy, RemoveHeadersOnCopy, ); }; };
		2456595D1FB6902000E1CC0F /* AImage.swift in Sources */ = {isa = PBXBuildFile; fileRef = 2456595C1FB6902000E1CC0F /* AImage.swift */; };
		245659611FB69AD200E1CC0F /* cat1.gif in Resources */ = {isa = PBXBuildFile; fileRef = 245659601FB69AD200E1CC0F /* cat1.gif */; };
		245659631FB69EE600E1CC0F /* Still.mp3 in Resources */ = {isa = PBXBuildFile; fileRef = 245659621FB69EE500E1CC0F /* Still.mp3 */; };
		2487D0371FB6742F00578E5C /* AppDelegate.swift in Sources */ = {isa = PBXBuildFile; fileRef = 2487D0361FB6742F00578E5C /* AppDelegate.swift */; };
		2487D0391FB6742F00578E5C /* ViewController.swift in Sources */ = {isa = PBXBuildFile; fileRef = 2487D0381FB6742F00578E5C /* ViewController.swift */; };
		2487D03C1FB6742F00578E5C /* Main.storyboard in Resources */ = {isa = PBXBuildFile; fileRef = 2487D03A1FB6742F00578E5C /* Main.storyboard */; };
		2487D03E1FB6742F00578E5C /* Assets.xcassets in Resources */ = {isa = PBXBuildFile; fileRef = 2487D03D1FB6742F00578E5C /* Assets.xcassets */; };
		2487D0411FB6742F00578E5C /* LaunchScreen.storyboard in Resources */ = {isa = PBXBuildFile; fileRef = 2487D03F1FB6742F00578E5C /* LaunchScreen.storyboard */; };
		249F8DA01FB6A0F100B9D20C /* CuteMusic.mp3 in Resources */ = {isa = PBXBuildFile; fileRef = 249F8D9F1FB6A0F100B9D20C /* CuteMusic.mp3 */; };
		B68F3FD545BEF7F6A70EED96 /* Pods_iBleach.framework in Frameworks */ = {isa = PBXBuildFile; fileRef = B5989AD73E64992169E1F224 /* Pods_iBleach.framework */; };
/* End PBXBuildFile section */

/* Begin PBXCopyFilesBuildPhase section */
		242DED2F1FB68169003E9FF7 /* Embed Frameworks */ = {
			isa = PBXCopyFilesBuildPhase;
			buildActionMask = 2147483647;
			dstPath = "";
			dstSubfolderSpec = 10;
			files = (
				242DED2A1FB68168003E9FF7 /* SnapKit.framework in Embed Frameworks */,
				242DED2C1FB68168003E9FF7 /* SwiftGif.framework in Embed Frameworks */,
				242DED2E1FB68168003E9FF7 /* Hero.framework in Embed Frameworks */,
			);
			name = "Embed Frameworks";
			runOnlyForDeploymentPostprocessing = 0;
		};
/* End PBXCopyFilesBuildPhase section */

/* Begin PBXFileReference section */
		242DED201FB67F3D003E9FF7 /* Hero.framework */ = {isa = PBXFileReference; lastKnownFileType = wrapper.framework; name = Hero.framework; path = Carthage/Build/iOS/Hero.framework; sourceTree = "<group>"; };
		242DED211FB67F3D003E9FF7 /* SnapKit.framework */ = {isa = PBXFileReference; lastKnownFileType = wrapper.framework; name = SnapKit.framework; path = Carthage/Build/iOS/SnapKit.framework; sourceTree = "<group>"; };
		242DED221FB67F3D003E9FF7 /* SwiftGif.framework */ = {isa = PBXFileReference; lastKnownFileType = wrapper.framework; name = SwiftGif.framework; path = Carthage/Build/iOS/SwiftGif.framework; sourceTree = "<group>"; };
		242DED261FB68168003E9FF7 /* SnapKit.framework */ = {isa = PBXFileReference; lastKnownFileType = wrapper.framework; name = SnapKit.framework; path = Carthage/Build/iOS/SnapKit.framework; sourceTree = "<group>"; };
		242DED271FB68168003E9FF7 /* SwiftGif.framework */ = {isa = PBXFileReference; lastKnownFileType = wrapper.framework; name = SwiftGif.framework; path = Carthage/Build/iOS/SwiftGif.framework; sourceTree = "<group>"; };
		242DED281FB68168003E9FF7 /* Hero.framework */ = {isa = PBXFileReference; lastKnownFileType = wrapper.framework; name = Hero.framework; path = Carthage/Build/iOS/Hero.framework; sourceTree = "<group>"; };
		2456595C1FB6902000E1CC0F /* AImage.swift */ = {isa = PBXFileReference; lastKnownFileType = sourcecode.swift; path = AImage.swift; sourceTree = "<group>"; };
		245659601FB69AD200E1CC0F /* cat1.gif */ = {isa = PBXFileReference; lastKnownFileType = image.gif; path = cat1.gif; sourceTree = "<group>"; };
		245659621FB69EE500E1CC0F /* Still.mp3 */ = {isa = PBXFileReference; lastKnownFileType = audio.mp3; path = Still.mp3; sourceTree = "<group>"; };
		2487D0331FB6742F00578E5C /* iBleach.app */ = {isa = PBXFileReference; explicitFileType = wrapper.application; includeInIndex = 0; path = iBleach.app; sourceTree = BUILT_PRODUCTS_DIR; };
		2487D0361FB6742F00578E5C /* AppDelegate.swift */ = {isa = PBXFileReference; lastKnownFileType = sourcecode.swift; path = AppDelegate.swift; sourceTree = "<group>"; };
		2487D0381FB6742F00578E5C /* ViewController.swift */ = {isa = PBXFileReference; lastKnownFileType = sourcecode.swift; path = ViewController.swift; sourceTree = "<group>"; };
		2487D03B1FB6742F00578E5C /* Base */ = {isa = PBXFileReference; lastKnownFileType = file.storyboard; name = Base; path = Base.lproj/Main.storyboard; sourceTree = "<group>"; };
		2487D03D1FB6742F00578E5C /* Assets.xcassets */ = {isa = PBXFileReference; lastKnownFileType = folder.assetcatalog; path = Assets.xcassets; sourceTree = "<group>"; };
		2487D0401FB6742F00578E5C /* Base */ = {isa = PBXFileReference; lastKnownFileType = file.storyboard; name = Base; path = Base.lproj/LaunchScreen.storyboard; sourceTree = "<group>"; };
		2487D0421FB6742F00578E5C /* Info.plist */ = {isa = PBXFileReference; lastKnownFileType = text.plist.xml; path = Info.plist; sourceTree = "<group>"; };
		249F8D9F1FB6A0F100B9D20C /* CuteMusic.mp3 */ = {isa = PBXFileReference; lastKnownFileType = audio.mp3; path = CuteMusic.mp3; sourceTree = "<group>"; };
		3A7DE9DBDD789AD89FEF5488 /* Pods-iBleach.debug.xcconfig */ = {isa = PBXFileReference; includeInIndex = 1; lastKnownFileType = text.xcconfig; name = "Pods-iBleach.debug.xcconfig"; path = "Pods/Target Support Files/Pods-iBleach/Pods-iBleach.debug.xcconfig"; sourceTree = "<group>"; };
		7CCE1912B7BA8CDFAC9DBAD3 /* Pods-iBleach.release.xcconfig */ = {isa = PBXFileReference; includeInIndex = 1; lastKnownFileType = text.xcconfig; name = "Pods-iBleach.release.xcconfig"; path = "Pods/Target Support Files/Pods-iBleach/Pods-iBleach.release.xcconfig"; sourceTree = "<group>"; };
		B5989AD73E64992169E1F224 /* Pods_iBleach.framework */ = {isa = PBXFileReference; explicitFileType = wrapper.framework; includeInIndex = 0; path = Pods_iBleach.framework; sourceTree = BUILT_PRODUCTS_DIR; };
/* End PBXFileReference section */

/* Begin PBXFrameworksBuildPhase section */
		2487D0301FB6742F00578E5C /* Frameworks */ = {
			isa = PBXFrameworksBuildPhase;
			buildActionMask = 2147483647;
			files = (
				242DED2D1FB68168003E9FF7 /* Hero.framework in Frameworks */,
				B68F3FD545BEF7F6A70EED96 /* Pods_iBleach.framework in Frameworks */,
				242DED291FB68168003E9FF7 /* SnapKit.framework in Frameworks */,
				242DED2B1FB68168003E9FF7 /* SwiftGif.framework in Frameworks */,
			);
			runOnlyForDeploymentPostprocessing = 0;
		};
/* End PBXFrameworksBuildPhase section */

/* Begin PBXGroup section */
		245659641FB69EF000E1CC0F /* Assets */ = {
			isa = PBXGroup;
			children = (
			);
			path = Assets;
			sourceTree = "<group>";
		};
		2487D02A1FB6742F00578E5C = {
			isa = PBXGroup;
			children = (
				245659641FB69EF000E1CC0F /* Assets */,
				245659621FB69EE500E1CC0F /* Still.mp3 */,
				249F8D9F1FB6A0F100B9D20C /* CuteMusic.mp3 */,
				245659601FB69AD200E1CC0F /* cat1.gif */,
				242DED281FB68168003E9FF7 /* Hero.framework */,
				242DED261FB68168003E9FF7 /* SnapKit.framework */,
				242DED271FB68168003E9FF7 /* SwiftGif.framework */,
				2487D0351FB6742F00578E5C /* iBleach */,
				2487D0341FB6742F00578E5C /* Products */,
				F34F3FA0330F6F99C452F6EE /* Pods */,
				9004F13675FB8CC6B88603D1 /* Frameworks */,
			);
			sourceTree = "<group>";
		};
		2487D0341FB6742F00578E5C /* Products */ = {
			isa = PBXGroup;
			children = (
				2487D0331FB6742F00578E5C /* iBleach.app */,
			);
			name = Products;
			sourceTree = "<group>";
		};
		2487D0351FB6742F00578E5C /* iBleach */ = {
			isa = PBXGroup;
			children = (
				2487D0361FB6742F00578E5C /* AppDelegate.swift */,
				2487D0381FB6742F00578E5C /* ViewController.swift */,
				2487D03A1FB6742F00578E5C /* Main.storyboard */,
				2487D03D1FB6742F00578E5C /* Assets.xcassets */,
				2487D03F1FB6742F00578E5C /* LaunchScreen.storyboard */,
				2487D0421FB6742F00578E5C /* Info.plist */,
				2456595C1FB6902000E1CC0F /* AImage.swift */,
			);
			path = iBleach;
			sourceTree = "<group>";
		};
		9004F13675FB8CC6B88603D1 /* Frameworks */ = {
			isa = PBXGroup;
			children = (
				242DED201FB67F3D003E9FF7 /* Hero.framework */,
				242DED211FB67F3D003E9FF7 /* SnapKit.framework */,
				242DED221FB67F3D003E9FF7 /* SwiftGif.framework */,
				B5989AD73E64992169E1F224 /* Pods_iBleach.framework */,
			);
			name = Frameworks;
			sourceTree = "<group>";
		};
		F34F3FA0330F6F99C452F6EE /* Pods */ = {
			isa = PBXGroup;
			children = (
				3A7DE9DBDD789AD89FEF5488 /* Pods-iBleach.debug.xcconfig */,
				7CCE1912B7BA8CDFAC9DBAD3 /* Pods-iBleach.release.xcconfig */,
			);
			name = Pods;
			sourceTree = "<group>";
		};
/* End PBXGroup section */

/* Begin PBXNativeTarget section */
		2487D0321FB6742F00578E5C /* iBleach */ = {
			isa = PBXNativeTarget;
			buildConfigurationList = 2487D0451FB6742F00578E5C /* Build configuration list for PBXNativeTarget "iBleach" */;
			buildPhases = (
				8B3FC358EC571B60880E72C6 /* [CP] Check Pods Manifest.lock */,
				2487D02F1FB6742F00578E5C /* Sources */,
				2487D0301FB6742F00578E5C /* Frameworks */,
				2487D0311FB6742F00578E5C /* Resources */,
				737F23A628E1F3571868A01C /* [CP] Embed Pods Frameworks */,
				C21376D5CAAE33DF27C7F1A0 /* [CP] Copy Pods Resources */,
				242DED171FB6789C003E9FF7 /* ShellScript */,
				242DED2F1FB68169003E9FF7 /* Embed Frameworks */,
			);
			buildRules = (
			);
			dependencies = (
			);
			name = iBleach;
			productName = iBleach;
			productReference = 2487D0331FB6742F00578E5C /* iBleach.app */;
			productType = "com.apple.product-type.application";
		};
/* End PBXNativeTarget section */

/* Begin PBXProject section */
		2487D02B1FB6742F00578E5C /* Project object */ = {
			isa = PBXProject;
			attributes = {
				LastSwiftUpdateCheck = 0920;
				LastUpgradeCheck = 0920;
				ORGANIZATIONNAME = ModalApps;
				TargetAttributes = {
					2487D0321FB6742F00578E5C = {
						CreatedOnToolsVersion = 9.2;
						ProvisioningStyle = Automatic;
					};
				};
			};
			buildConfigurationList = 2487D02E1FB6742F00578E5C /* Build configuration list for PBXProject "iBleach" */;
			compatibilityVersion = "Xcode 8.0";
			developmentRegion = en;
			hasScannedForEncodings = 0;
			knownRegions = (
				en,
				Base,
			);
			mainGroup = 2487D02A1FB6742F00578E5C;
			productRefGroup = 2487D0341FB6742F00578E5C /* Products */;
			projectDirPath = "";
			projectRoot = "";
			targets = (
				2487D0321FB6742F00578E5C /* iBleach */,
			);
		};
/* End PBXProject section */

/* Begin PBXResourcesBuildPhase section */
		2487D0311FB6742F00578E5C /* Resources */ = {
			isa = PBXResourcesBuildPhase;
			buildActionMask = 2147483647;
			files = (
				2487D0411FB6742F00578E5C /* LaunchScreen.storyboard in Resources */,
				249F8DA01FB6A0F100B9D20C /* CuteMusic.mp3 in Resources */,
				2487D03E1FB6742F00578E5C /* Assets.xcassets in Resources */,
				245659611FB69AD200E1CC0F /* cat1.gif in Resources */,
				245659631FB69EE600E1CC0F /* Still.mp3 in Resources */,
				2487D03C1FB6742F00578E5C /* Main.storyboard in Resources */,
			);
			runOnlyForDeploymentPostprocessing = 0;
		};
/* End PBXResourcesBuildPhase section */

/* Begin PBXShellScriptBuildPhase section */
		242DED171FB6789C003E9FF7 /* ShellScript */ = {
			isa = PBXShellScriptBuildPhase;
			buildActionMask = 2147483647;
			files = (
			);
			inputPaths = (
			);
			outputPaths = (
			);
			runOnlyForDeploymentPostprocessing = 0;
			shellPath = /bin/sh;
			shellScript = "\"${PODS_ROOT}/Fabric/run\" 129d0d0d7c27e929398b52bdc669e21dbb1f2bc5 77fdc9db12b443018b0cb6a8aee1dfae04f36337f847dd16b460ae4e3a7e03c7";
		};
		737F23A628E1F3571868A01C /* [CP] Embed Pods Frameworks */ = {
			isa = PBXShellScriptBuildPhase;
			buildActionMask = 2147483647;
			files = (
			);
			inputPaths = (
				"${SRCROOT}/Pods/Target Support Files/Pods-iBleach/Pods-iBleach-frameworks.sh",
				"${BUILT_PRODUCTS_DIR}/Alamofire/Alamofire.framework",
				"${BUILT_PRODUCTS_DIR}/LGButton/LGButton.framework",
				"${BUILT_PRODUCTS_DIR}/SwiftyJSON/SwiftyJSON.framework",
			);
			name = "[CP] Embed Pods Frameworks";
			outputPaths = (
				"${TARGET_BUILD_DIR}/${FRAMEWORKS_FOLDER_PATH}/Alamofire.framework",
				"${TARGET_BUILD_DIR}/${FRAMEWORKS_FOLDER_PATH}/LGButton.framework",
				"${TARGET_BUILD_DIR}/${FRAMEWORKS_FOLDER_PATH}/SwiftyJSON.framework",
			);
			runOnlyForDeploymentPostprocessing = 0;
			shellPath = /bin/sh;
			shellScript = "\"${SRCROOT}/Pods/Target Support Files/Pods-iBleach/Pods-iBleach-frameworks.sh\"\n";
			showEnvVarsInLog = 0;
		};
		8B3FC358EC571B60880E72C6 /* [CP] Check Pods Manifest.lock */ = {
			isa = PBXShellScriptBuildPhase;
			buildActionMask = 2147483647;
			files = (
			);
			inputPaths = (
				"${PODS_PODFILE_DIR_PATH}/Podfile.lock",
				"${PODS_ROOT}/Manifest.lock",
			);
			name = "[CP] Check Pods Manifest.lock";
			outputPaths = (
				"$(DERIVED_FILE_DIR)/Pods-iBleach-checkManifestLockResult.txt",
			);
			runOnlyForDeploymentPostprocessing = 0;
			shellPath = /bin/sh;
			shellScript = "diff \"${PODS_PODFILE_DIR_PATH}/Podfile.lock\" \"${PODS_ROOT}/Manifest.lock\" > /dev/null\nif [ $? != 0 ] ; then\n    # print error to STDERR\n    echo \"error: The sandbox is not in sync with the Podfile.lock. Run 'pod install' or update your CocoaPods installation.\" >&2\n    exit 1\nfi\n# This output is used by Xcode 'outputs' to avoid re-running this script phase.\necho \"SUCCESS\" > \"${SCRIPT_OUTPUT_FILE_0}\"\n";
			showEnvVarsInLog = 0;
		};
		C21376D5CAAE33DF27C7F1A0 /* [CP] Copy Pods Resources */ = {
			isa = PBXShellScriptBuildPhase;
			buildActionMask = 2147483647;
			files = (
			);
			inputPaths = (
			);
			name = "[CP] Copy Pods Resources";
			outputPaths = (
			);
			runOnlyForDeploymentPostprocessing = 0;
			shellPath = /bin/sh;
			shellScript = "\"${SRCROOT}/Pods/Target Support Files/Pods-iBleach/Pods-iBleach-resources.sh\"\n";
			showEnvVarsInLog = 0;
		};
/* End PBXShellScriptBuildPhase section */

/* Begin PBXSourcesBuildPhase section */
		2487D02F1FB6742F00578E5C /* Sources */ = {
			isa = PBXSourcesBuildPhase;
			buildActionMask = 2147483647;
			files = (
				2456595D1FB6902000E1CC0F /* AImage.swift in Sources */,
				2487D0391FB6742F00578E5C /* ViewController.swift in Sources */,
				2487D0371FB6742F00578E5C /* AppDelegate.swift in Sources */,
			);
			runOnlyForDeploymentPostprocessing = 0;
		};
/* End PBXSourcesBuildPhase section */

/* Begin PBXVariantGroup section */
		2487D03A1FB6742F00578E5C /* Main.storyboard */ = {
			isa = PBXVariantGroup;
			children = (
				2487D03B1FB6742F00578E5C /* Base */,
			);
			name = Main.storyboard;
			sourceTree = "<group>";
		};
		2487D03F1FB6742F00578E5C /* LaunchScreen.storyboard */ = {
			isa = PBXVariantGroup;
			children = (
				2487D0401FB6742F00578E5C /* Base */,
			);
			name = LaunchScreen.storyboard;
			sourceTree = "<group>";
		};
/* End PBXVariantGroup section */

/* Begin XCBuildConfiguration section */
		2487D0431FB6742F00578E5C /* Debug */ = {
			isa = XCBuildConfiguration;
			buildSettings = {
				ALWAYS_SEARCH_USER_PATHS = NO;
				CLANG_ANALYZER_NONNULL = YES;
				CLANG_ANALYZER_NUMBER_OBJECT_CONVERSION = YES_AGGRESSIVE;
				CLANG_CXX_LANGUAGE_STANDARD = "gnu++14";
				CLANG_CXX_LIBRARY = "libc++";
				CLANG_ENABLE_MODULES = YES;
				CLANG_ENABLE_OBJC_ARC = YES;
				CLANG_WARN_BLOCK_CAPTURE_AUTORELEASING = YES;
				CLANG_WARN_BOOL_CONVERSION = YES;
				CLANG_WARN_COMMA = YES;
				CLANG_WARN_CONSTANT_CONVERSION = YES;
				CLANG_WARN_DIRECT_OBJC_ISA_USAGE = YES_ERROR;
				CLANG_WARN_DOCUMENTATION_COMMENTS = YES;
				CLANG_WARN_EMPTY_BODY = YES;
				CLANG_WARN_ENUM_CONVERSION = YES;
				CLANG_WARN_INFINITE_RECURSION = YES;
				CLANG_WARN_INT_CONVERSION = YES;
				CLANG_WARN_NON_LITERAL_NULL_CONVERSION = YES;
				CLANG_WARN_OBJC_LITERAL_CONVERSION = YES;
				CLANG_WARN_OBJC_ROOT_CLASS = YES_ERROR;
				CLANG_WARN_RANGE_LOOP_ANALYSIS = YES;
				CLANG_WARN_STRICT_PROTOTYPES = YES;
				CLANG_WARN_SUSPICIOUS_MOVE = YES;
				CLANG_WARN_UNGUARDED_AVAILABILITY = YES_AGGRESSIVE;
				CLANG_WARN_UNREACHABLE_CODE = YES;
				CLANG_WARN__DUPLICATE_METHOD_MATCH = YES;
				CODE_SIGN_IDENTITY = "iPhone Developer";
				COPY_PHASE_STRIP = NO;
				DEBUG_INFORMATION_FORMAT = dwarf;
				ENABLE_STRICT_OBJC_MSGSEND = YES;
				ENABLE_TESTABILITY = YES;
				GCC_C_LANGUAGE_STANDARD = gnu11;
				GCC_DYNAMIC_NO_PIC = NO;
				GCC_NO_COMMON_BLOCKS = YES;
				GCC_OPTIMIZATION_LEVEL = 0;
				GCC_PREPROCESSOR_DEFINITIONS = (
					"DEBUG=1",
					"$(inherited)",
				);
				GCC_WARN_64_TO_32_BIT_CONVERSION = YES;
				GCC_WARN_ABOUT_RETURN_TYPE = YES_ERROR;
				GCC_WARN_UNDECLARED_SELECTOR = YES;
				GCC_WARN_UNINITIALIZED_AUTOS = YES_AGGRESSIVE;
				GCC_WARN_UNUSED_FUNCTION = YES;
				GCC_WARN_UNUSED_VARIABLE = YES;
				IPHONEOS_DEPLOYMENT_TARGET = 11.2;
				MTL_ENABLE_DEBUG_INFO = YES;
				ONLY_ACTIVE_ARCH = YES;
				SDKROOT = iphoneos;
				SWIFT_ACTIVE_COMPILATION_CONDITIONS = DEBUG;
				SWIFT_OPTIMIZATION_LEVEL = "-Onone";
			};
			name = Debug;
		};
		2487D0441FB6742F00578E5C /* Release */ = {
			isa = XCBuildConfiguration;
			buildSettings = {
				ALWAYS_SEARCH_USER_PATHS = NO;
				CLANG_ANALYZER_NONNULL = YES;
				CLANG_ANALYZER_NUMBER_OBJECT_CONVERSION = YES_AGGRESSIVE;
				CLANG_CXX_LANGUAGE_STANDARD = "gnu++14";
				CLANG_CXX_LIBRARY = "libc++";
				CLANG_ENABLE_MODULES = YES;
				CLANG_ENABLE_OBJC_ARC = YES;
				CLANG_WARN_BLOCK_CAPTURE_AUTORELEASING = YES;
				CLANG_WARN_BOOL_CONVERSION = YES;
				CLANG_WARN_COMMA = YES;
				CLANG_WARN_CONSTANT_CONVERSION = YES;
				CLANG_WARN_DIRECT_OBJC_ISA_USAGE = YES_ERROR;
				CLANG_WARN_DOCUMENTATION_COMMENTS = YES;
				CLANG_WARN_EMPTY_BODY = YES;
				CLANG_WARN_ENUM_CONVERSION = YES;
				CLANG_WARN_INFINITE_RECURSION = YES;
				CLANG_WARN_INT_CONVERSION = YES;
				CLANG_WARN_NON_LITERAL_NULL_CONVERSION = YES;
				CLANG_WARN_OBJC_LITERAL_CONVERSION = YES;
				CLANG_WARN_OBJC_ROOT_CLASS = YES_ERROR;
				CLANG_WARN_RANGE_LOOP_ANALYSIS = YES;
				CLANG_WARN_STRICT_PROTOTYPES = YES;
				CLANG_WARN_SUSPICIOUS_MOVE = YES;
				CLANG_WARN_UNGUARDED_AVAILABILITY = YES_AGGRESSIVE;
				CLANG_WARN_UNREACHABLE_CODE = YES;
				CLANG_WARN__DUPLICATE_METHOD_MATCH = YES;
				CODE_SIGN_IDENTITY = "iPhone Developer";
				COPY_PHASE_STRIP = NO;
				DEBUG_INFORMATION_FORMAT = "dwarf-with-dsym";
				ENABLE_NS_ASSERTIONS = NO;
				ENABLE_STRICT_OBJC_MSGSEND = YES;
				GCC_C_LANGUAGE_STANDARD = gnu11;
				GCC_NO_COMMON_BLOCKS = YES;
				GCC_WARN_64_TO_32_BIT_CONVERSION = YES;
				GCC_WARN_ABOUT_RETURN_TYPE = YES_ERROR;
				GCC_WARN_UNDECLARED_SELECTOR = YES;
				GCC_WARN_UNINITIALIZED_AUTOS = YES_AGGRESSIVE;
				GCC_WARN_UNUSED_FUNCTION = YES;
				GCC_WARN_UNUSED_VARIABLE = YES;
				IPHONEOS_DEPLOYMENT_TARGET = 11.2;
				MTL_ENABLE_DEBUG_INFO = NO;
				SDKROOT = iphoneos;
				SWIFT_OPTIMIZATION_LEVEL = "-Owholemodule";
				VALIDATE_PRODUCT = YES;
			};
			name = Release;
		};
		2487D0461FB6742F00578E5C /* Debug */ = {
			isa = XCBuildConfiguration;
			baseConfigurationReference = 3A7DE9DBDD789AD89FEF5488 /* Pods-iBleach.debug.xcconfig */;
			buildSettings = {
				ASSETCATALOG_COMPILER_APPICON_NAME = AppIcon;
				CODE_SIGN_STYLE = Automatic;
				DEVELOPMENT_TEAM = G3U6CEW26C;
				FRAMEWORK_SEARCH_PATHS = (
					"$(inherited)",
					"$(PROJECT_DIR)/Carthage/Build/iOS",
				);
				INFOPLIST_FILE = iBleach/Info.plist;
				IPHONEOS_DEPLOYMENT_TARGET = 9.0;
				LD_RUNPATH_SEARCH_PATHS = "$(inherited) @executable_path/Frameworks";
				PRODUCT_BUNDLE_IDENTIFIER = com.modalApps.iBleach;
				PRODUCT_NAME = "$(TARGET_NAME)";
				SWIFT_VERSION = 4.0;
				TARGETED_DEVICE_FAMILY = "1,2";
			};
			name = Debug;
		};
		2487D0471FB6742F00578E5C /* Release */ = {
			isa = XCBuildConfiguration;
			baseConfigurationReference = 7CCE1912B7BA8CDFAC9DBAD3 /* Pods-iBleach.release.xcconfig */;
			buildSettings = {
				ASSETCATALOG_COMPILER_APPICON_NAME = AppIcon;
				CODE_SIGN_STYLE = Automatic;
				DEVELOPMENT_TEAM = G3U6CEW26C;
				FRAMEWORK_SEARCH_PATHS = (
					"$(inherited)",
					"$(PROJECT_DIR)/Carthage/Build/iOS",
				);
				INFOPLIST_FILE = iBleach/Info.plist;
				IPHONEOS_DEPLOYMENT_TARGET = 9.0;
				LD_RUNPATH_SEARCH_PATHS = "$(inherited) @executable_path/Frameworks";
				PRODUCT_BUNDLE_IDENTIFIER = com.modalApps.iBleach;
				PRODUCT_NAME = "$(TARGET_NAME)";
				SWIFT_VERSION = 4.0;
				TARGETED_DEVICE_FAMILY = "1,2";
			};
			name = Release;
		};
/* End XCBuildConfiguration section */

/* Begin XCConfigurationList section */
		2487D02E1FB6742F00578E5C /* Build configuration list for PBXProject "iBleach" */ = {
			isa = XCConfigurationList;
			buildConfigurations = (
				2487D0431FB6742F00578E5C /* Debug */,
				2487D0441FB6742F00578E5C /* Release */,
			);
			defaultConfigurationIsVisible = 0;
			defaultConfigurationName = Release;
		};
		2487D0451FB6742F00578E5C /* Build configuration list for PBXNativeTarget "iBleach" */ = {
			isa = XCConfigurationList;
			buildConfigurations = (
				2487D0461FB6742F00578E5C /* Debug */,
				2487D0471FB6742F00578E5C /* Release */,
			);
			defaultConfigurationIsVisible = 0;
			defaultConfigurationName = Release;
		};
/* End XCConfigurationList section */
	};
	rootObject = 2487D02B1FB6742F00578E5C /* Project object */;
}
